Microsoft Visual Studio Solution File, Format Version 12.00
# Visual Studio Version 16
VisualStudioVersion = 16.0.29519.87
MinimumVisualStudioVersion = 10.0.40219.1
Project("{2150E333-8FDC-42A3-9474-1A3956D46DE8}") = "CodeEditor", "CodeEditor", "{646F64B2-57A5-4096-854F-F83D981AF1E8}"
EndProject
Project("{FAE04EC0-301F-11D3-BF4B-00C04F79EFBC}") = "WindowsFormTestApp", "WindowsFormTestApp\WindowsFormTestApp.csproj", "{A7170396-1C60-4D6D-A17E-007F19D245F5}"
EndProject
Project("{FAE04EC0-301F-11D3-BF4B-00C04F79EFBC}") = "WindowsFormsTestApp2", "WindowsFormsTestApp2\WindowsFormsTestApp2.csproj", "{0C2CB811-B08F-4BCD-A72C-7407D8CD262B}"
EndProject
Project("{FAE04EC0-301F-11D3-BF4B-00C04F79EFBC}") = "ScintillaNET", "..\..\ScintillaNET\src\ScintillaNET\ScintillaNET.csproj", "{22AE2386-60F1-476E-9303-61CDB0AAC4CF}"
EndProject
Project("{FAE04EC0-301F-11D3-BF4B-00C04F79EFBC}") = "WindowsFormsTestApp3", "WindowsFormsTestApp3\WindowsFormsTestApp3.csproj", "{66ED5248-198B-4AF9-8209-EF24D8041B71}"
EndProject
Global
	GlobalSection(SolutionConfigurationPlatforms) = preSolution
		Debug|Any CPU = Debug|Any CPU
		Debug|ARM64 = Debug|ARM64
		Debug|Mac = Debug|Mac
		Debug|Windows = Debug|Windows
		Debug|x64 = Debug|x64
		Debug|x86 = Debug|x86
		Release|Any CPU = Release|Any CPU
		Release|ARM64 = Release|ARM64
		Release|Mac = Release|Mac
		Release|Windows = Release|Windows
		Release|x64 = Release|x64
		Release|x86 = Release|x86
		Signed|Any CPU = Signed|Any CPU
		Signed|ARM64 = Signed|ARM64
		Signed|Mac = Signed|Mac
		Signed|Windows = Signed|Windows
		Signed|x64 = Signed|x64
		Signed|x86 = Signed|x86
	EndGlobalSection
	GlobalSection(ProjectConfigurationPlatforms) = postSolution
		{A7170396-1C60-4D6D-A17E-007F19D245F5}.Debug|Any CPU.ActiveCfg = Debug|Any CPU
		{A7170396-1C60-4D6D-A17E-007F19D245F5}.Debug|Any CPU.Build.0 = Debug|Any CPU
		{A7170396-1C60-4D6D-A17E-007F19D245F5}.Debug|ARM64.ActiveCfg = Debug|Any CPU
		{A7170396-1C60-4D6D-A17E-007F19D245F5}.Debug|ARM64.Build.0 = Debug|Any CPU
		{A7170396-1C60-4D6D-A17E-007F19D245F5}.Debug|Mac.ActiveCfg = Debug|Any CPU
		{A7170396-1C60-4D6D-A17E-007F19D245F5}.Debug|Mac.Build.0 = Debug|Any CPU
		{A7170396-1C60-4D6D-A17E-007F19D245F5}.Debug|Windows.ActiveCfg = Debug|Any CPU
		{A7170396-1C60-4D6D-A17E-007F19D245F5}.Debug|Windows.Build.0 = Debug|Any CPU
		{A7170396-1C60-4D6D-A17E-007F19D245F5}.Debug|x64.ActiveCfg = Debug|Any CPU
		{A7170396-1C60-4D6D-A17E-007F19D245F5}.Debug|x64.Build.0 = Debug|Any CPU
		{A7170396-1C60-4D6D-A17E-007F19D245F5}.Debug|x86.ActiveCfg = Debug|Any CPU
		{A7170396-1C60-4D6D-A17E-007F19D245F5}.Debug|x86.Build.0 = Debug|Any CPU
		{A7170396-1C60-4D6D-A17E-007F19D245F5}.Release|Any CPU.ActiveCfg = Release|Any CPU
		{A7170396-1C60-4D6D-A17E-007F19D245F5}.Release|Any CPU.Build.0 = Release|Any CPU
		{A7170396-1C60-4D6D-A17E-007F19D245F5}.Release|ARM64.ActiveCfg = Release|Any CPU
		{A7170396-1C60-4D6D-A17E-007F19D245F5}.Release|ARM64.Build.0 = Release|Any CPU
		{A7170396-1C60-4D6D-A17E-007F19D245F5}.Release|Mac.ActiveCfg = Release|Any CPU
		{A7170396-1C60-4D6D-A17E-007F19D245F5}.Release|Mac.Build.0 = Release|Any CPU
		{A7170396-1C60-4D6D-A17E-007F19D245F5}.Release|Windows.ActiveCfg = Release|Any CPU
		{A7170396-1C60-4D6D-A17E-007F19D245F5}.Release|Windows.Build.0 = Release|Any CPU
		{A7170396-1C60-4D6D-A17E-007F19D245F5}.Release|x64.ActiveCfg = Release|Any CPU
		{A7170396-1C60-4D6D-A17E-007F19D245F5}.Release|x64.Build.0 = Release|Any CPU
		{A7170396-1C60-4D6D-A17E-007F19D245F5}.Release|x86.ActiveCfg = Release|Any CPU
		{A7170396-1C60-4D6D-A17E-007F19D245F5}.Release|x86.Build.0 = Release|Any CPU
		{A7170396-1C60-4D6D-A17E-007F19D245F5}.Signed|Any CPU.ActiveCfg = Release|Any CPU
		{A7170396-1C60-4D6D-A17E-007F19D245F5}.Signed|Any CPU.Build.0 = Release|Any CPU
		{A7170396-1C60-4D6D-A17E-007F19D245F5}.Signed|ARM64.ActiveCfg = Release|Any CPU
		{A7170396-1C60-4D6D-A17E-007F19D245F5}.Signed|ARM64.Build.0 = Release|Any CPU
		{A7170396-1C60-4D6D-A17E-007F19D245F5}.Signed|Mac.ActiveCfg = Release|Any CPU
		{A7170396-1C60-4D6D-A17E-007F19D245F5}.Signed|Mac.Build.0 = Release|Any CPU
		{A7170396-1C60-4D6D-A17E-007F19D245F5}.Signed|Windows.ActiveCfg = Release|Any CPU
		{A7170396-1C60-4D6D-A17E-007F19D245F5}.Signed|Windows.Build.0 = Release|Any CPU
		{A7170396-1C60-4D6D-A17E-007F19D245F5}.Signed|x64.ActiveCfg = Release|Any CPU
		{A7170396-1C60-4D6D-A17E-007F19D245F5}.Signed|x64.Build.0 = Release|Any CPU
		{A7170396-1C60-4D6D-A17E-007F19D245F5}.Signed|x86.ActiveCfg = Release|Any CPU
		{A7170396-1C60-4D6D-A17E-007F19D245F5}.Signed|x86.Build.0 = Release|Any CPU
		{0C2CB811-B08F-4BCD-A72C-7407D8CD262B}.Debug|Any CPU.ActiveCfg = Debug|Any CPU
		{0C2CB811-B08F-4BCD-A72C-7407D8CD262B}.Debug|Any CPU.Build.0 = Debug|Any CPU
		{0C2CB811-B08F-4BCD-A72C-7407D8CD262B}.Debug|ARM64.ActiveCfg = Debug|Any CPU
		{0C2CB811-B08F-4BCD-A72C-7407D8CD262B}.Debug|ARM64.Build.0 = Debug|Any CPU
		{0C2CB811-B08F-4BCD-A72C-7407D8CD262B}.Debug|Mac.ActiveCfg = Debug|Any CPU
		{0C2CB811-B08F-4BCD-A72C-7407D8CD262B}.Debug|Mac.Build.0 = Debug|Any CPU
		{0C2CB811-B08F-4BCD-A72C-7407D8CD262B}.Debug|Windows.ActiveCfg = Debug|Any CPU
		{0C2CB811-B08F-4BCD-A72C-7407D8CD262B}.Debug|Windows.Build.0 = Debug|Any CPU
		{0C2CB811-B08F-4BCD-A72C-7407D8CD262B}.Debug|x64.ActiveCfg = Debug|Any CPU
		{0C2CB811-B08F-4BCD-A72C-7407D8CD262B}.Debug|x64.Build.0 = Debug|Any CPU
		{0C2CB811-B08F-4BCD-A72C-7407D8CD262B}.Debug|x86.ActiveCfg = Debug|Any CPU
		{0C2CB811-B08F-4BCD-A72C-7407D8CD262B}.Debug|x86.Build.0 = Debug|Any CPU
		{0C2CB811-B08F-4BCD-A72C-7407D8CD262B}.Release|Any CPU.ActiveCfg = Release|Any CPU
		{0C2CB811-B08F-4BCD-A72C-7407D8CD262B}.Release|Any CPU.Build.0 = Release|Any CPU
		{0C2CB811-B08F-4BCD-A72C-7407D8CD262B}.Release|ARM64.ActiveCfg = Release|Any CPU
		{0C2CB811-B08F-4BCD-A72C-7407D8CD262B}.Release|ARM64.Build.0 = Release|Any CPU
		{0C2CB811-B08F-4BCD-A72C-7407D8CD262B}.Release|Mac.ActiveCfg = Release|Any CPU
		{0C2CB811-B08F-4BCD-A72C-7407D8CD262B}.Release|Mac.Build.0 = Release|Any CPU
		{0C2CB811-B08F-4BCD-A72C-7407D8CD262B}.Release|Windows.ActiveCfg = Release|Any CPU
		{0C2CB811-B08F-4BCD-A72C-7407D8CD262B}.Release|Windows.Build.0 = Release|Any CPU
		{0C2CB811-B08F-4BCD-A72C-7407D8CD262B}.Release|x64.ActiveCfg = Release|Any CPU
		{0C2CB811-B08F-4BCD-A72C-7407D8CD262B}.Release|x64.Build.0 = Release|Any CPU
		{0C2CB811-B08F-4BCD-A72C-7407D8CD262B}.Release|x86.ActiveCfg = Release|Any CPU
		{0C2CB811-B08F-4BCD-A72C-7407D8CD262B}.Release|x86.Build.0 = Release|Any CPU
		{0C2CB811-B08F-4BCD-A72C-7407D8CD262B}.Signed|Any CPU.ActiveCfg = Release|Any CPU
		{0C2CB811-B08F-4BCD-A72C-7407D8CD262B}.Signed|Any CPU.Build.0 = Release|Any CPU
		{0C2CB811-B08F-4BCD-A72C-7407D8CD262B}.Signed|ARM64.ActiveCfg = Release|Any CPU
		{0C2CB811-B08F-4BCD-A72C-7407D8CD262B}.Signed|ARM64.Build.0 = Release|Any CPU
		{0C2CB811-B08F-4BCD-A72C-7407D8CD262B}.Signed|Mac.ActiveCfg = Release|Any CPU
		{0C2CB811-B08F-4BCD-A72C-7407D8CD262B}.Signed|Mac.Build.0 = Release|Any CPU
		{0C2CB811-B08F-4BCD-A72C-7407D8CD262B}.Signed|Windows.ActiveCfg = Release|Any CPU
		{0C2CB811-B08F-4BCD-A72C-7407D8CD262B}.Signed|Windows.Build.0 = Release|Any CPU
		{0C2CB811-B08F-4BCD-A72C-7407D8CD262B}.Signed|x64.ActiveCfg = Release|Any CPU
		{0C2CB811-B08F-4BCD-A72C-7407D8CD262B}.Signed|x64.Build.0 = Release|Any CPU
		{0C2CB811-B08F-4BCD-A72C-7407D8CD262B}.Signed|x86.ActiveCfg = Release|Any CPU
		{0C2CB811-B08F-4BCD-A72C-7407D8CD262B}.Signed|x86.Build.0 = Release|Any CPU
		{22AE2386-60F1-476E-9303-61CDB0AAC4CF}.Debug|Any CPU.ActiveCfg = Debug|Any CPU
		{22AE2386-60F1-476E-9303-61CDB0AAC4CF}.Debug|Any CPU.Build.0 = Debug|Any CPU
		{22AE2386-60F1-476E-9303-61CDB0AAC4CF}.Debug|ARM64.ActiveCfg = Debug|Any CPU
		{22AE2386-60F1-476E-9303-61CDB0AAC4CF}.Debug|ARM64.Build.0 = Debug|Any CPU
		{22AE2386-60F1-476E-9303-61CDB0AAC4CF}.Debug|Mac.ActiveCfg = Debug|Any CPU
		{22AE2386-60F1-476E-9303-61CDB0AAC4CF}.Debug|Mac.Build.0 = Debug|Any CPU
		{22AE2386-60F1-476E-9303-61CDB0AAC4CF}.Debug|Windows.ActiveCfg = Debug|Any CPU
		{22AE2386-60F1-476E-9303-61CDB0AAC4CF}.Debug|Windows.Build.0 = Debug|Any CPU
		{22AE2386-60F1-476E-9303-61CDB0AAC4CF}.Debug|x64.ActiveCfg = Debug|Any CPU
		{22AE2386-60F1-476E-9303-61CDB0AAC4CF}.Debug|x64.Build.0 = Debug|Any CPU
		{22AE2386-60F1-476E-9303-61CDB0AAC4CF}.Debug|x86.ActiveCfg = Debug|Any CPU
		{22AE2386-60F1-476E-9303-61CDB0AAC4CF}.Debug|x86.Build.0 = Debug|Any CPU
		{22AE2386-60F1-476E-9303-61CDB0AAC4CF}.Release|Any CPU.ActiveCfg = Release|Any CPU
		{22AE2386-60F1-476E-9303-61CDB0AAC4CF}.Release|Any CPU.Build.0 = Release|Any CPU
		{22AE2386-60F1-476E-9303-61CDB0AAC4CF}.Release|ARM64.ActiveCfg = Release|Any CPU
		{22AE2386-60F1-476E-9303-61CDB0AAC4CF}.Release|ARM64.Build.0 = Release|Any CPU
		{22AE2386-60F1-476E-9303-61CDB0AAC4CF}.Release|Mac.ActiveCfg = Release|Any CPU
		{22AE2386-60F1-476E-9303-61CDB0AAC4CF}.Release|Mac.Build.0 = Release|Any CPU
		{22AE2386-60F1-476E-9303-61CDB0AAC4CF}.Release|Windows.ActiveCfg = Release|Any CPU
		{22AE2386-60F1-476E-9303-61CDB0AAC4CF}.Release|Windows.Build.0 = Release|Any CPU
		{22AE2386-60F1-476E-9303-61CDB0AAC4CF}.Release|x64.ActiveCfg = Release|Any CPU
		{22AE2386-60F1-476E-9303-61CDB0AAC4CF}.Release|x64.Build.0 = Release|Any CPU
		{22AE2386-60F1-476E-9303-61CDB0AAC4CF}.Release|x86.ActiveCfg = Release|Any CPU
		{22AE2386-60F1-476E-9303-61CDB0AAC4CF}.Release|x86.Build.0 = Release|Any CPU
		{22AE2386-60F1-476E-9303-61CDB0AAC4CF}.Signed|Any CPU.ActiveCfg = Signed|Any CPU
		{22AE2386-60F1-476E-9303-61CDB0AAC4CF}.Signed|Any CPU.Build.0 = Signed|Any CPU
		{22AE2386-60F1-476E-9303-61CDB0AAC4CF}.Signed|ARM64.ActiveCfg = Signed|Any CPU
		{22AE2386-60F1-476E-9303-61CDB0AAC4CF}.Signed|ARM64.Build.0 = Signed|Any CPU
		{22AE2386-60F1-476E-9303-61CDB0AAC4CF}.Signed|Mac.ActiveCfg = Signed|Any CPU
		{22AE2386-60F1-476E-9303-61CDB0AAC4CF}.Signed|Mac.Build.0 = Signed|Any CPU
		{22AE2386-60F1-476E-9303-61CDB0AAC4CF}.Signed|Windows.ActiveCfg = Signed|Any CPU
		{22AE2386-60F1-476E-9303-61CDB0AAC4CF}.Signed|Windows.Build.0 = Signed|Any CPU
		{22AE2386-60F1-476E-9303-61CDB0AAC4CF}.Signed|x64.ActiveCfg = Signed|Any CPU
		{22AE2386-60F1-476E-9303-61CDB0AAC4CF}.Signed|x64.Build.0 = Signed|Any CPU
		{22AE2386-60F1-476E-9303-61CDB0AAC4CF}.Signed|x86.ActiveCfg = Signed|Any CPU
		{22AE2386-60F1-476E-9303-61CDB0AAC4CF}.Signed|x86.Build.0 = Signed|Any CPU
		{66ED5248-198B-4AF9-8209-EF24D8041B71}.Debug|Any CPU.ActiveCfg = Debug|Any CPU
		{66ED5248-198B-4AF9-8209-EF24D8041B71}.Debug|Any CPU.Build.0 = Debug|Any CPU
		{66ED5248-198B-4AF9-8209-EF24D8041B71}.Debug|ARM64.ActiveCfg = Debug|Any CPU
		{66ED5248-198B-4AF9-8209-EF24D8041B71}.Debug|ARM64.Build.0 = Debug|Any CPU
		{66ED5248-198B-4AF9-8209-EF24D8041B71}.Debug|Mac.ActiveCfg = Debug|Any CPU
		{66ED5248-198B-4AF9-8209-EF24D8041B71}.Debug|Mac.Build.0 = Debug|Any CPU
		{66ED5248-198B-4AF9-8209-EF24D8041B71}.Debug|Windows.ActiveCfg = Debug|Any CPU
		{66ED5248-198B-4AF9-8209-EF24D8041B71}.Debug|Windows.Build.0 = Debug|Any CPU
		{66ED5248-198B-4AF9-8209-EF24D8041B71}.Debug|x64.ActiveCfg = Debug|Any CPU
		{66ED5248-198B-4AF9-8209-EF24D8041B71}.Debug|x64.Build.0 = Debug|Any CPU
		{66ED5248-198B-4AF9-8209-EF24D8041B71}.Debug|x86.ActiveCfg = Debug|Any CPU
		{66ED5248-198B-4AF9-8209-EF24D8041B71}.Debug|x86.Build.0 = Debug|Any CPU
		{66ED5248-198B-4AF9-8209-EF24D8041B71}.Release|Any CPU.ActiveCfg = Release|Any CPU
		{66ED5248-198B-4AF9-8209-EF24D8041B71}.Release|Any CPU.Build.0 = Release|Any CPU
		{66ED5248-198B-4AF9-8209-EF24D8041B71}.Release|ARM64.ActiveCfg = Release|Any CPU
		{66ED5248-198B-4AF9-8209-EF24D8041B71}.Release|ARM64.Build.0 = Release|Any CPU
		{66ED5248-198B-4AF9-8209-EF24D8041B71}.Release|Mac.ActiveCfg = Release|Any CPU
		{66ED5248-198B-4AF9-8209-EF24D8041B71}.Release|Mac.Build.0 = Release|Any CPU
		{66ED5248-198B-4AF9-8209-EF24D8041B71}.Release|Windows.ActiveCfg = Release|Any CPU
		{66ED5248-198B-4AF9-8209-EF24D8041B71}.Release|Windows.Build.0 = Release|Any CPU
		{66ED5248-198B-4AF9-8209-EF24D8041B71}.Release|x64.ActiveCfg = Release|Any CPU
		{66ED5248-198B-4AF9-8209-EF24D8041B71}.Release|x64.Build.0 = Release|Any CPU
		{66ED5248-198B-4AF9-8209-EF24D8041B71}.Release|x86.ActiveCfg = Release|Any CPU
		{66ED5248-198B-4AF9-8209-EF24D8041B71}.Release|x86.Build.0 = Release|Any CPU
		{66ED5248-198B-4AF9-8209-EF24D8041B71}.Signed|Any CPU.ActiveCfg = Release|Any CPU
		{66ED5248-198B-4AF9-8209-EF24D8041B71}.Signed|Any CPU.Build.0 = Release|Any CPU
		{66ED5248-198B-4AF9-8209-EF24D8041B71}.Signed|ARM64.ActiveCfg = Release|Any CPU
		{66ED5248-198B-4AF9-8209-EF24D8041B71}.Signed|ARM64.Build.0 = Release|Any CPU
		{66ED5248-198B-4AF9-8209-EF24D8041B71}.Signed|Mac.ActiveCfg = Release|Any CPU
		{66ED5248-198B-4AF9-8209-EF24D8041B71}.Signed|Mac.Build.0 = Release|Any CPU
		{66ED5248-198B-4AF9-8209-EF24D8041B71}.Signed|Windows.ActiveCfg = Release|Any CPU
		{66ED5248-198B-4AF9-8209-EF24D8041B71}.Signed|Windows.Build.0 = Release|Any CPU
		{66ED5248-198B-4AF9-8209-EF24D8041B71}.Signed|x64.ActiveCfg = Release|Any CPU
		{66ED5248-198B-4AF9-8209-EF24D8041B71}.Signed|x64.Build.0 = Release|Any CPU
		{66ED5248-198B-4AF9-8209-EF24D8041B71}.Signed|x86.ActiveCfg = Release|Any CPU
		{66ED5248-198B-4AF9-8209-EF24D8041B71}.Signed|x86.Build.0 = Release|Any CPU
	EndGlobalSection
	GlobalSection(SolutionProperties) = preSolution
		HideSolutionNode = FALSE
	EndGlobalSection
	GlobalSection(NestedProjects) = preSolution
		{A7170396-1C60-4D6D-A17E-007F19D245F5} = {646F64B2-57A5-4096-854F-F83D981AF1E8}
		{0C2CB811-B08F-4BCD-A72C-7407D8CD262B} = {646F64B2-57A5-4096-854F-F83D981AF1E8}
		{22AE2386-60F1-476E-9303-61CDB0AAC4CF} = {646F64B2-57A5-4096-854F-F83D981AF1E8}
		{66ED5248-198B-4AF9-8209-EF24D8041B71} = {646F64B2-57A5-4096-854F-F83D981AF1E8}
	EndGlobalSection
	GlobalSection(ExtensibilityGlobals) = postSolution
		SolutionGuid = {B290EE1E-3782-4C57-A127-FD078514CD8C}
	EndGlobalSection
EndGlobal
